
Microsoft Visual Studio Solution File, Format Version 12.00
# Visual Studio Version 17
VisualStudioVersion = 17.9.34622.214
MinimumVisualStudioVersion = 10.0.40219.1
Project("{FAE04EC0-301F-11D3-BF4B-00C04F79EFBC}") = "JumpKing-GamepadVibration", "JumpKing-GamepadVibration.csproj", "{B81EF8B6-648C-4A59-916D-D3F88C274153}"
EndProject
Global
	GlobalSection(SolutionConfigurationPlatforms) = preSolution
		Debug|Any CPU = Debug|Any CPU
		Release|Any CPU = Release|Any CPU
	EndGlobalSection
	GlobalSection(ProjectConfigurationPlatforms) = postSolution
		{B81EF8B6-648C-4A59-916D-D3F88C274153}.Debug|Any CPU.ActiveCfg = Debug|Any CPU
		{B81EF8B6-648C-4A59-916D-D3F88C274153}.Debug|Any CPU.Build.0 = Debug|Any CPU
		{B81EF8B6-648C-4A59-916D-D3F88C274153}.Release|Any CPU.ActiveCfg = Release|Any CPU
		{B81EF8B6-648C-4A59-916D-D3F88C274153}.Release|Any CPU.Build.0 = Release|Any CPU
	EndGlobalSection
	GlobalSection(SolutionProperties) = preSolution
		HideSolutionNode = FALSE
	EndGlobalSection
	GlobalSection(ExtensibilityGlobals) = postSolution
		SolutionGuid = {D3ED8073-942C-4AC3-9CA6-DA9E74565C1A}
	EndGlobalSection
EndGlobal
